
Microsoft Visual Studio Solution File, Format Version 12.00
# Visual Studio Version 16
VisualStudioVersion = 16.0.32630.194
MinimumVisualStudioVersion = 10.0.40219.1
Project("{FAE04EC0-301F-11D3-BF4B-00C04F79EFBC}") = "Crud", "Crud\Crud.csproj", "{83513665-E9B9-4CB6-AF15-7FA267D2E4AC}"
EndProject
Global
	GlobalSection(SolutionConfigurationPlatforms) = preSolution
		Debug|Any CPU = Debug|Any CPU
		Release|Any CPU = Release|Any CPU
	EndGlobalSection
	GlobalSection(ProjectConfigurationPlatforms) = postSolution
		{83513665-E9B9-4CB6-AF15-7FA267D2E4AC}.Debug|Any CPU.ActiveCfg = Debug|Any CPU
		{83513665-E9B9-4CB6-AF15-7FA267D2E4AC}.Debug|Any CPU.Build.0 = Debug|Any CPU
		{83513665-E9B9-4CB6-AF15-7FA267D2E4AC}.Release|Any CPU.ActiveCfg = Release|Any CPU
		{83513665-E9B9-4CB6-AF15-7FA267D2E4AC}.Release|Any CPU.Build.0 = Release|Any CPU
	EndGlobalSection
	GlobalSection(SolutionProperties) = preSolution
		HideSolutionNode = FALSE
	EndGlobalSection
	GlobalSection(ExtensibilityGlobals) = postSolution
		SolutionGuid = {AA769306-BE08-47AB-BABF-308B2D532D4B}
	EndGlobalSection
EndGlobal
